
Microsoft Visual Studio Solution File, Format Version 12.00
# Visual Studio Version 17
VisualStudioVersion = 17.10.35122.118
MinimumVisualStudioVersion = 10.0.40219.1
Project("{FAE04EC0-301F-11D3-BF4B-00C04F79EFBC}") = "asalsayılar", "asalsayılar\asalsayılar.csproj", "{DF20605D-CA92-49E1-B858-2B61F5F4E6DA}"
EndProject
Global
	GlobalSection(SolutionConfigurationPlatforms) = preSolution
		Debug|Any CPU = Debug|Any CPU
		Release|Any CPU = Release|Any CPU
	EndGlobalSection
	GlobalSection(ProjectConfigurationPlatforms) = postSolution
		{DF20605D-CA92-49E1-B858-2B61F5F4E6DA}.Debug|Any CPU.ActiveCfg = Debug|Any CPU
		{DF20605D-CA92-49E1-B858-2B61F5F4E6DA}.Debug|Any CPU.Build.0 = Debug|Any CPU
		{DF20605D-CA92-49E1-B858-2B61F5F4E6DA}.Release|Any CPU.ActiveCfg = Release|Any CPU
		{DF20605D-CA92-49E1-B858-2B61F5F4E6DA}.Release|Any CPU.Build.0 = Release|Any CPU
	EndGlobalSection
	GlobalSection(SolutionProperties) = preSolution
		HideSolutionNode = FALSE
	EndGlobalSection
	GlobalSection(ExtensibilityGlobals) = postSolution
		SolutionGuid = {864D576B-57DE-4EBE-A667-6E6CCE5995BA}
	EndGlobalSection
EndGlobal
