
Microsoft Visual Studio Solution File, Format Version 12.00
# Visual Studio Version 17
VisualStudioVersion = 17.10.35122.118
MinimumVisualStudioVersion = 10.0.40219.1
Project("{FAE04EC0-301F-11D3-BF4B-00C04F79EFBC}") = "cybersecurity", "cybersecurity\cybersecurity.csproj", "{1B101C7D-579A-43B2-ADF7-29AD9D304D39}"
EndProject
Global
	GlobalSection(SolutionConfigurationPlatforms) = preSolution
		Debug|Any CPU = Debug|Any CPU
		Release|Any CPU = Release|Any CPU
	EndGlobalSection
	GlobalSection(ProjectConfigurationPlatforms) = postSolution
		{1B101C7D-579A-43B2-ADF7-29AD9D304D39}.Debug|Any CPU.ActiveCfg = Debug|Any CPU
		{1B101C7D-579A-43B2-ADF7-29AD9D304D39}.Debug|Any CPU.Build.0 = Debug|Any CPU
		{1B101C7D-579A-43B2-ADF7-29AD9D304D39}.Release|Any CPU.ActiveCfg = Release|Any CPU
		{1B101C7D-579A-43B2-ADF7-29AD9D304D39}.Release|Any CPU.Build.0 = Release|Any CPU
	EndGlobalSection
	GlobalSection(SolutionProperties) = preSolution
		HideSolutionNode = FALSE
	EndGlobalSection
	GlobalSection(ExtensibilityGlobals) = postSolution
		SolutionGuid = {D7C5429E-5BA1-48C0-8679-72CB29751F67}
	EndGlobalSection
EndGlobal
